
Microsoft Visual Studio Solution File, Format Version 12.00
# Visual Studio Version 16
VisualStudioVersion = 16.0.30804.86
MinimumVisualStudioVersion = 10.0.40219.1
Project("{FAE04EC0-301F-11D3-BF4B-00C04F79EFBC}") = "SingletonProject", "SingletonProject\SingletonProject.csproj", "{F7C72E3A-A598-46F1-B1C0-6AB3445FE78D}"
EndProject
Project("{FAE04EC0-301F-11D3-BF4B-00C04F79EFBC}") = "FileHandlerTests", "FileHandlerTest\FileHandlerTests.csproj", "{EA4EC568-9F06-49C9-B26F-6E2F211615AD}"
EndProject
Global
	GlobalSection(SolutionConfigurationPlatforms) = preSolution
		Debug|Any CPU = Debug|Any CPU
		Release|Any CPU = Release|Any CPU
	EndGlobalSection
	GlobalSection(ProjectConfigurationPlatforms) = postSolution
		{F7C72E3A-A598-46F1-B1C0-6AB3445FE78D}.Debug|Any CPU.ActiveCfg = Debug|Any CPU
		{F7C72E3A-A598-46F1-B1C0-6AB3445FE78D}.Debug|Any CPU.Build.0 = Debug|Any CPU
		{F7C72E3A-A598-46F1-B1C0-6AB3445FE78D}.Release|Any CPU.ActiveCfg = Release|Any CPU
		{F7C72E3A-A598-46F1-B1C0-6AB3445FE78D}.Release|Any CPU.Build.0 = Release|Any CPU
		{EA4EC568-9F06-49C9-B26F-6E2F211615AD}.Debug|Any CPU.ActiveCfg = Debug|Any CPU
		{EA4EC568-9F06-49C9-B26F-6E2F211615AD}.Debug|Any CPU.Build.0 = Debug|Any CPU
		{EA4EC568-9F06-49C9-B26F-6E2F211615AD}.Release|Any CPU.ActiveCfg = Release|Any CPU
		{EA4EC568-9F06-49C9-B26F-6E2F211615AD}.Release|Any CPU.Build.0 = Release|Any CPU
	EndGlobalSection
	GlobalSection(SolutionProperties) = preSolution
		HideSolutionNode = FALSE
	EndGlobalSection
	GlobalSection(ExtensibilityGlobals) = postSolution
		SolutionGuid = {732FD3D8-CCD5-4876-8CAA-FF5B24EAC61A}
	EndGlobalSection
EndGlobal
